
Microsoft Visual Studio Solution File, Format Version 12.00
# Visual Studio Version 16
VisualStudioVersion = 16.0.31729.503
MinimumVisualStudioVersion = 10.0.40219.1
Project("{9A19103F-16F7-4668-BE54-9A1E7A4F7556}") = "SearchApi", "SearchApi\SearchApi.csproj", "{B48D08AF-E13D-47AD-8A66-677B150FB5FE}"
EndProject
Project("{9A19103F-16F7-4668-BE54-9A1E7A4F7556}") = "Business", "Business\Business.csproj", "{0EA953BA-5D74-4F60-A1AD-9FA467E98515}"
EndProject
Project("{9A19103F-16F7-4668-BE54-9A1E7A4F7556}") = "Entities", "DataAccess\Entities.csproj", "{6D743C52-D3D6-4E11-9F64-47E091B7AEBD}"
EndProject
Global
	GlobalSection(SolutionConfigurationPlatforms) = preSolution
		Debug|Any CPU = Debug|Any CPU
		Release|Any CPU = Release|Any CPU
	EndGlobalSection
	GlobalSection(ProjectConfigurationPlatforms) = postSolution
		{B48D08AF-E13D-47AD-8A66-677B150FB5FE}.Debug|Any CPU.ActiveCfg = Debug|Any CPU
		{B48D08AF-E13D-47AD-8A66-677B150FB5FE}.Debug|Any CPU.Build.0 = Debug|Any CPU
		{B48D08AF-E13D-47AD-8A66-677B150FB5FE}.Release|Any CPU.ActiveCfg = Release|Any CPU
		{B48D08AF-E13D-47AD-8A66-677B150FB5FE}.Release|Any CPU.Build.0 = Release|Any CPU
		{0EA953BA-5D74-4F60-A1AD-9FA467E98515}.Debug|Any CPU.ActiveCfg = Debug|Any CPU
		{0EA953BA-5D74-4F60-A1AD-9FA467E98515}.Debug|Any CPU.Build.0 = Debug|Any CPU
		{0EA953BA-5D74-4F60-A1AD-9FA467E98515}.Release|Any CPU.ActiveCfg = Release|Any CPU
		{0EA953BA-5D74-4F60-A1AD-9FA467E98515}.Release|Any CPU.Build.0 = Release|Any CPU
		{6D743C52-D3D6-4E11-9F64-47E091B7AEBD}.Debug|Any CPU.ActiveCfg = Debug|Any CPU
		{6D743C52-D3D6-4E11-9F64-47E091B7AEBD}.Debug|Any CPU.Build.0 = Debug|Any CPU
		{6D743C52-D3D6-4E11-9F64-47E091B7AEBD}.Release|Any CPU.ActiveCfg = Release|Any CPU
		{6D743C52-D3D6-4E11-9F64-47E091B7AEBD}.Release|Any CPU.Build.0 = Release|Any CPU
	EndGlobalSection
	GlobalSection(SolutionProperties) = preSolution
		HideSolutionNode = FALSE
	EndGlobalSection
	GlobalSection(ExtensibilityGlobals) = postSolution
		SolutionGuid = {4AAFB270-28E9-43FD-9CDC-7E4F1C863C73}
	EndGlobalSection
EndGlobal
